
Microsoft Visual Studio Solution File, Format Version 12.00
# Visual Studio Version 17
VisualStudioVersion = 17.1.32407.343
MinimumVisualStudioVersion = 10.0.40219.1
Project("{9A19103F-16F7-4668-BE54-9A1E7A4F7556}") = "ChuckSWAPI", "ChuckSWAPI\ChuckSWAPI.csproj", "{CF5EA675-9474-4FA4-ACBB-C1F32682E1A7}"
EndProject
Project("{FAE04EC0-301F-11D3-BF4B-00C04F79EFBC}") = "ChuckSWWeb", "ChuckStarWarsWeb\ChuckSWWeb.csproj", "{EE3BE898-7D27-4613-ADF4-33B3D91CBB70}"
EndProject
Project("{FAE04EC0-301F-11D3-BF4B-00C04F79EFBC}") = "ChuckSWUtility", "StaticDetails\ChuckSWUtility.csproj", "{6079B00D-5E87-4F5E-8686-5B8A7DCBD9C5}"
EndProject
Global
	GlobalSection(SolutionConfigurationPlatforms) = preSolution
		Debug|Any CPU = Debug|Any CPU
		Release|Any CPU = Release|Any CPU
	EndGlobalSection
	GlobalSection(ProjectConfigurationPlatforms) = postSolution
		{CF5EA675-9474-4FA4-ACBB-C1F32682E1A7}.Debug|Any CPU.ActiveCfg = Debug|Any CPU
		{CF5EA675-9474-4FA4-ACBB-C1F32682E1A7}.Debug|Any CPU.Build.0 = Debug|Any CPU
		{CF5EA675-9474-4FA4-ACBB-C1F32682E1A7}.Release|Any CPU.ActiveCfg = Release|Any CPU
		{CF5EA675-9474-4FA4-ACBB-C1F32682E1A7}.Release|Any CPU.Build.0 = Release|Any CPU
		{EE3BE898-7D27-4613-ADF4-33B3D91CBB70}.Debug|Any CPU.ActiveCfg = Debug|Any CPU
		{EE3BE898-7D27-4613-ADF4-33B3D91CBB70}.Debug|Any CPU.Build.0 = Debug|Any CPU
		{EE3BE898-7D27-4613-ADF4-33B3D91CBB70}.Release|Any CPU.ActiveCfg = Release|Any CPU
		{EE3BE898-7D27-4613-ADF4-33B3D91CBB70}.Release|Any CPU.Build.0 = Release|Any CPU
		{6079B00D-5E87-4F5E-8686-5B8A7DCBD9C5}.Debug|Any CPU.ActiveCfg = Debug|Any CPU
		{6079B00D-5E87-4F5E-8686-5B8A7DCBD9C5}.Debug|Any CPU.Build.0 = Debug|Any CPU
		{6079B00D-5E87-4F5E-8686-5B8A7DCBD9C5}.Release|Any CPU.ActiveCfg = Release|Any CPU
		{6079B00D-5E87-4F5E-8686-5B8A7DCBD9C5}.Release|Any CPU.Build.0 = Release|Any CPU
	EndGlobalSection
	GlobalSection(SolutionProperties) = preSolution
		HideSolutionNode = FALSE
	EndGlobalSection
	GlobalSection(ExtensibilityGlobals) = postSolution
		SolutionGuid = {3756B416-0179-400E-AEEE-F3EC471D23EC}
	EndGlobalSection
EndGlobal
